
Microsoft Visual Studio Solution File, Format Version 12.00
# Visual Studio Version 17
VisualStudioVersion = 17.8.34330.188
MinimumVisualStudioVersion = 10.0.40219.1
Project("{9A19103F-16F7-4668-BE54-9A1E7A4F7556}") = "Shoebox.Api", "Shoebox.Api\Shoebox.Api.csproj", "{044A7095-C043-4C14-82CB-0969963843B6}"
EndProject
Project("{FAE04EC0-301F-11D3-BF4B-00C04F79EFBC}") = "Shoebox.Api.UnitTests", "..\tests\Shoebox.Api.UnitTests\Shoebox.Api.UnitTests.csproj", "{34F016D8-D356-4B5B-AE56-CC8AC6063565}"
EndProject
Global
	GlobalSection(SolutionConfigurationPlatforms) = preSolution
		Debug|Any CPU = Debug|Any CPU
		Debug|x64 = Debug|x64
		Debug|x86 = Debug|x86
		Release|Any CPU = Release|Any CPU
		Release|x64 = Release|x64
		Release|x86 = Release|x86
	EndGlobalSection
	GlobalSection(ProjectConfigurationPlatforms) = postSolution
		{044A7095-C043-4C14-82CB-0969963843B6}.Debug|Any CPU.ActiveCfg = Debug|Any CPU
		{044A7095-C043-4C14-82CB-0969963843B6}.Debug|Any CPU.Build.0 = Debug|Any CPU
		{044A7095-C043-4C14-82CB-0969963843B6}.Debug|x64.ActiveCfg = Debug|Any CPU
		{044A7095-C043-4C14-82CB-0969963843B6}.Debug|x64.Build.0 = Debug|Any CPU
		{044A7095-C043-4C14-82CB-0969963843B6}.Debug|x86.ActiveCfg = Debug|Any CPU
		{044A7095-C043-4C14-82CB-0969963843B6}.Debug|x86.Build.0 = Debug|Any CPU
		{044A7095-C043-4C14-82CB-0969963843B6}.Release|Any CPU.ActiveCfg = Release|Any CPU
		{044A7095-C043-4C14-82CB-0969963843B6}.Release|Any CPU.Build.0 = Release|Any CPU
		{044A7095-C043-4C14-82CB-0969963843B6}.Release|x64.ActiveCfg = Release|Any CPU
		{044A7095-C043-4C14-82CB-0969963843B6}.Release|x64.Build.0 = Release|Any CPU
		{044A7095-C043-4C14-82CB-0969963843B6}.Release|x86.ActiveCfg = Release|Any CPU
		{044A7095-C043-4C14-82CB-0969963843B6}.Release|x86.Build.0 = Release|Any CPU
		{34F016D8-D356-4B5B-AE56-CC8AC6063565}.Debug|Any CPU.ActiveCfg = Debug|Any CPU
		{34F016D8-D356-4B5B-AE56-CC8AC6063565}.Debug|Any CPU.Build.0 = Debug|Any CPU
		{34F016D8-D356-4B5B-AE56-CC8AC6063565}.Debug|x64.ActiveCfg = Debug|Any CPU
		{34F016D8-D356-4B5B-AE56-CC8AC6063565}.Debug|x64.Build.0 = Debug|Any CPU
		{34F016D8-D356-4B5B-AE56-CC8AC6063565}.Debug|x86.ActiveCfg = Debug|Any CPU
		{34F016D8-D356-4B5B-AE56-CC8AC6063565}.Debug|x86.Build.0 = Debug|Any CPU
		{34F016D8-D356-4B5B-AE56-CC8AC6063565}.Release|Any CPU.ActiveCfg = Release|Any CPU
		{34F016D8-D356-4B5B-AE56-CC8AC6063565}.Release|Any CPU.Build.0 = Release|Any CPU
		{34F016D8-D356-4B5B-AE56-CC8AC6063565}.Release|x64.ActiveCfg = Release|Any CPU
		{34F016D8-D356-4B5B-AE56-CC8AC6063565}.Release|x64.Build.0 = Release|Any CPU
		{34F016D8-D356-4B5B-AE56-CC8AC6063565}.Release|x86.ActiveCfg = Release|Any CPU
		{34F016D8-D356-4B5B-AE56-CC8AC6063565}.Release|x86.Build.0 = Release|Any CPU
	EndGlobalSection
	GlobalSection(SolutionProperties) = preSolution
		HideSolutionNode = FALSE
	EndGlobalSection
	GlobalSection(ExtensibilityGlobals) = postSolution
		SolutionGuid = {BCFF17D1-56F8-4736-9884-5DB91515D73B}
	EndGlobalSection
EndGlobal
